
Microsoft Visual Studio Solution File, Format Version 12.00
# Visual Studio 15
Project("{FAE04EC0-301F-11D3-BF4B-00C04F79EFBC}") = "Assembly-CSharp", "Assembly-CSharp.csproj", "{20FF612D-6C97-E5E4-C540-DEEF2D3EFDD3}"
EndProject
Project("{FAE04EC0-301F-11D3-BF4B-00C04F79EFBC}") = "Assembly-CSharp-Editor", "Assembly-CSharp-Editor.csproj", "{E152D1C6-0B6D-359E-82B4-5AA447A7EB34}"
EndProject
Global
	GlobalSection(SolutionConfigurationPlatforms) = preSolution
		Debug|Any CPU = Debug|Any CPU
		Release|Any CPU = Release|Any CPU
	EndGlobalSection
	GlobalSection(ProjectConfigurationPlatforms) = postSolution
		{20FF612D-6C97-E5E4-C540-DEEF2D3EFDD3}.Debug|Any CPU.ActiveCfg = Debug|Any CPU
		{20FF612D-6C97-E5E4-C540-DEEF2D3EFDD3}.Debug|Any CPU.Build.0 = Debug|Any CPU
		{20FF612D-6C97-E5E4-C540-DEEF2D3EFDD3}.Release|Any CPU.ActiveCfg = Release|Any CPU
		{20FF612D-6C97-E5E4-C540-DEEF2D3EFDD3}.Release|Any CPU.Build.0 = Release|Any CPU
		{E152D1C6-0B6D-359E-82B4-5AA447A7EB34}.Debug|Any CPU.ActiveCfg = Debug|Any CPU
		{E152D1C6-0B6D-359E-82B4-5AA447A7EB34}.Debug|Any CPU.Build.0 = Debug|Any CPU
		{E152D1C6-0B6D-359E-82B4-5AA447A7EB34}.Release|Any CPU.ActiveCfg = Release|Any CPU
		{E152D1C6-0B6D-359E-82B4-5AA447A7EB34}.Release|Any CPU.Build.0 = Release|Any CPU
	EndGlobalSection
	GlobalSection(SolutionProperties) = preSolution
		HideSolutionNode = FALSE
	EndGlobalSection
EndGlobal
